{
  "lockfileVersion": 1,
  "workspaces": {
    "": {
      "name": "tma-ios-keyboard",
      "dependencies": {
        "@telegram-apps/sdk-react": "^3.2.4",
        "@telegram-apps/telegram-ui": "^2.1.8",
        "next": "15.3.1",
        "react": "^19.0.0",
        "react-dom": "^19.0.0",
      },
      "devDependencies": {
        "@types/node": "^20",
        "@types/react": "^19",
        "@types/react-dom": "^19",
        "eruda": "^3.4.1",
        "prettier": "^3.5.3",
        "typescript": "^5",
      },
    },
  },
  "packages": {
    "@emnapi/runtime": ["@emnapi/runtime@1.4.3", "", { "dependencies": { "tslib": "^2.4.0" } }, "sha512-pBPWdu6MLKROBX05wSNKcNb++m5Er+KQ9QkB+WVM+pW2Kx9hoSrVTnu3BdkI5eBLZoKu/J6mW/B6i6bJB2ytXQ=="],

    "@floating-ui/core": ["@floating-ui/core@1.6.9", "", { "dependencies": { "@floating-ui/utils": "^0.2.9" } }, "sha512-uMXCuQ3BItDUbAMhIXw7UPXRfAlOAvZzdK9BWpE60MCn+Svt3aLn9jsPTi/WNGlRUu2uI0v5S7JiIUsbsvh3fw=="],

    "@floating-ui/dom": ["@floating-ui/dom@1.6.13", "", { "dependencies": { "@floating-ui/core": "^1.6.0", "@floating-ui/utils": "^0.2.9" } }, "sha512-umqzocjDgNRGTuO7Q8CU32dkHkECqI8ZdMZ5Swb6QAM0t5rnlrN3lGo1hdpscRd3WS8T6DKYK4ephgIH9iRh3w=="],

    "@floating-ui/react-dom": ["@floating-ui/react-dom@2.1.2", "", { "dependencies": { "@floating-ui/dom": "^1.0.0" }, "peerDependencies": { "react": ">=16.8.0", "react-dom": ">=16.8.0" } }, "sha512-06okr5cgPzMNBy+Ycse2A6udMi4bqwW/zgBF/rwjcNqWkyr82Mcg8b0vjX8OJpZFy/FKjJmw6wV7t44kK6kW7A=="],

    "@floating-ui/utils": ["@floating-ui/utils@0.2.9", "", {}, "sha512-MDWhGtE+eHw5JW7lq4qhc5yRLS11ERl1c7Z6Xd0a58DozHES6EnNNwUWbMiG4J9Cgj053Bhk8zvlhFYKVhULwg=="],

    "@img/sharp-darwin-arm64": ["@img/sharp-darwin-arm64@0.34.1", "", { "optionalDependencies": { "@img/sharp-libvips-darwin-arm64": "1.1.0" }, "os": "darwin", "cpu": "arm64" }, "sha512-pn44xgBtgpEbZsu+lWf2KNb6OAf70X68k+yk69Ic2Xz11zHR/w24/U49XT7AeRwJ0Px+mhALhU5LPci1Aymk7A=="],

    "@img/sharp-darwin-x64": ["@img/sharp-darwin-x64@0.34.1", "", { "optionalDependencies": { "@img/sharp-libvips-darwin-x64": "1.1.0" }, "os": "darwin", "cpu": "x64" }, "sha512-VfuYgG2r8BpYiOUN+BfYeFo69nP/MIwAtSJ7/Zpxc5QF3KS22z8Pvg3FkrSFJBPNQ7mmcUcYQFBmEQp7eu1F8Q=="],

    "@img/sharp-libvips-darwin-arm64": ["@img/sharp-libvips-darwin-arm64@1.1.0", "", { "os": "darwin", "cpu": "arm64" }, "sha512-HZ/JUmPwrJSoM4DIQPv/BfNh9yrOA8tlBbqbLz4JZ5uew2+o22Ik+tHQJcih7QJuSa0zo5coHTfD5J8inqj9DA=="],

    "@img/sharp-libvips-darwin-x64": ["@img/sharp-libvips-darwin-x64@1.1.0", "", { "os": "darwin", "cpu": "x64" }, "sha512-Xzc2ToEmHN+hfvsl9wja0RlnXEgpKNmftriQp6XzY/RaSfwD9th+MSh0WQKzUreLKKINb3afirxW7A0fz2YWuQ=="],

    "@img/sharp-libvips-linux-arm": ["@img/sharp-libvips-linux-arm@1.1.0", "", { "os": "linux", "cpu": "arm" }, "sha512-s8BAd0lwUIvYCJyRdFqvsj+BJIpDBSxs6ivrOPm/R7piTs5UIwY5OjXrP2bqXC9/moGsyRa37eYWYCOGVXxVrA=="],

    "@img/sharp-libvips-linux-arm64": ["@img/sharp-libvips-linux-arm64@1.1.0", "", { "os": "linux", "cpu": "arm64" }, "sha512-IVfGJa7gjChDET1dK9SekxFFdflarnUB8PwW8aGwEoF3oAsSDuNUTYS+SKDOyOJxQyDC1aPFMuRYLoDInyV9Ew=="],

    "@img/sharp-libvips-linux-ppc64": ["@img/sharp-libvips-linux-ppc64@1.1.0", "", { "os": "linux", "cpu": "ppc64" }, "sha512-tiXxFZFbhnkWE2LA8oQj7KYR+bWBkiV2nilRldT7bqoEZ4HiDOcePr9wVDAZPi/Id5fT1oY9iGnDq20cwUz8lQ=="],

    "@img/sharp-libvips-linux-s390x": ["@img/sharp-libvips-linux-s390x@1.1.0", "", { "os": "linux", "cpu": "s390x" }, "sha512-xukSwvhguw7COyzvmjydRb3x/09+21HykyapcZchiCUkTThEQEOMtBj9UhkaBRLuBrgLFzQ2wbxdeCCJW/jgJA=="],

    "@img/sharp-libvips-linux-x64": ["@img/sharp-libvips-linux-x64@1.1.0", "", { "os": "linux", "cpu": "x64" }, "sha512-yRj2+reB8iMg9W5sULM3S74jVS7zqSzHG3Ol/twnAAkAhnGQnpjj6e4ayUz7V+FpKypwgs82xbRdYtchTTUB+Q=="],

    "@img/sharp-libvips-linuxmusl-arm64": ["@img/sharp-libvips-linuxmusl-arm64@1.1.0", "", { "os": "linux", "cpu": "arm64" }, "sha512-jYZdG+whg0MDK+q2COKbYidaqW/WTz0cc1E+tMAusiDygrM4ypmSCjOJPmFTvHHJ8j/6cAGyeDWZOsK06tP33w=="],

    "@img/sharp-libvips-linuxmusl-x64": ["@img/sharp-libvips-linuxmusl-x64@1.1.0", "", { "os": "linux", "cpu": "x64" }, "sha512-wK7SBdwrAiycjXdkPnGCPLjYb9lD4l6Ze2gSdAGVZrEL05AOUJESWU2lhlC+Ffn5/G+VKuSm6zzbQSzFX/P65A=="],

    "@img/sharp-linux-arm": ["@img/sharp-linux-arm@0.34.1", "", { "optionalDependencies": { "@img/sharp-libvips-linux-arm": "1.1.0" }, "os": "linux", "cpu": "arm" }, "sha512-anKiszvACti2sGy9CirTlNyk7BjjZPiML1jt2ZkTdcvpLU1YH6CXwRAZCA2UmRXnhiIftXQ7+Oh62Ji25W72jA=="],

    "@img/sharp-linux-arm64": ["@img/sharp-linux-arm64@0.34.1", "", { "optionalDependencies": { "@img/sharp-libvips-linux-arm64": "1.1.0" }, "os": "linux", "cpu": "arm64" }, "sha512-kX2c+vbvaXC6vly1RDf/IWNXxrlxLNpBVWkdpRq5Ka7OOKj6nr66etKy2IENf6FtOgklkg9ZdGpEu9kwdlcwOQ=="],

    "@img/sharp-linux-s390x": ["@img/sharp-linux-s390x@0.34.1", "", { "optionalDependencies": { "@img/sharp-libvips-linux-s390x": "1.1.0" }, "os": "linux", "cpu": "s390x" }, "sha512-7s0KX2tI9mZI2buRipKIw2X1ufdTeaRgwmRabt5bi9chYfhur+/C1OXg3TKg/eag1W+6CCWLVmSauV1owmRPxA=="],

    "@img/sharp-linux-x64": ["@img/sharp-linux-x64@0.34.1", "", { "optionalDependencies": { "@img/sharp-libvips-linux-x64": "1.1.0" }, "os": "linux", "cpu": "x64" }, "sha512-wExv7SH9nmoBW3Wr2gvQopX1k8q2g5V5Iag8Zk6AVENsjwd+3adjwxtp3Dcu2QhOXr8W9NusBU6XcQUohBZ5MA=="],

    "@img/sharp-linuxmusl-arm64": ["@img/sharp-linuxmusl-arm64@0.34.1", "", { "optionalDependencies": { "@img/sharp-libvips-linuxmusl-arm64": "1.1.0" }, "os": "linux", "cpu": "arm64" }, "sha512-DfvyxzHxw4WGdPiTF0SOHnm11Xv4aQexvqhRDAoD00MzHekAj9a/jADXeXYCDFH/DzYruwHbXU7uz+H+nWmSOQ=="],

    "@img/sharp-linuxmusl-x64": ["@img/sharp-linuxmusl-x64@0.34.1", "", { "optionalDependencies": { "@img/sharp-libvips-linuxmusl-x64": "1.1.0" }, "os": "linux", "cpu": "x64" }, "sha512-pax/kTR407vNb9qaSIiWVnQplPcGU8LRIJpDT5o8PdAx5aAA7AS3X9PS8Isw1/WfqgQorPotjrZL3Pqh6C5EBg=="],

    "@img/sharp-wasm32": ["@img/sharp-wasm32@0.34.1", "", { "dependencies": { "@emnapi/runtime": "^1.4.0" }, "cpu": "none" }, "sha512-YDybQnYrLQfEpzGOQe7OKcyLUCML4YOXl428gOOzBgN6Gw0rv8dpsJ7PqTHxBnXnwXr8S1mYFSLSa727tpz0xg=="],

    "@img/sharp-win32-ia32": ["@img/sharp-win32-ia32@0.34.1", "", { "os": "win32", "cpu": "ia32" }, "sha512-WKf/NAZITnonBf3U1LfdjoMgNO5JYRSlhovhRhMxXVdvWYveM4kM3L8m35onYIdh75cOMCo1BexgVQcCDzyoWw=="],

    "@img/sharp-win32-x64": ["@img/sharp-win32-x64@0.34.1", "", { "os": "win32", "cpu": "x64" }, "sha512-hw1iIAHpNE8q3uMIRCgGOeDoz9KtFNarFLQclLxr/LK1VBkj8nby18RjFvr6aP7USRYAjTZW6yisnBWMX571Tw=="],

    "@next/env": ["@next/env@15.3.1", "", {}, "sha512-cwK27QdzrMblHSn9DZRV+DQscHXRuJv6MydlJRpFSqJWZrTYMLzKDeyueJNN9MGd8NNiUKzDQADAf+dMLXX7YQ=="],

    "@next/swc-darwin-arm64": ["@next/swc-darwin-arm64@15.3.1", "", { "os": "darwin", "cpu": "arm64" }, "sha512-hjDw4f4/nla+6wysBL07z52Gs55Gttp5Bsk5/8AncQLJoisvTBP0pRIBK/B16/KqQyH+uN4Ww8KkcAqJODYH3w=="],

    "@next/swc-darwin-x64": ["@next/swc-darwin-x64@15.3.1", "", { "os": "darwin", "cpu": "x64" }, "sha512-q+aw+cJ2ooVYdCEqZVk+T4Ni10jF6Fo5DfpEV51OupMaV5XL6pf3GCzrk6kSSZBsMKZtVC1Zm/xaNBFpA6bJ2g=="],

    "@next/swc-linux-arm64-gnu": ["@next/swc-linux-arm64-gnu@15.3.1", "", { "os": "linux", "cpu": "arm64" }, "sha512-wBQ+jGUI3N0QZyWmmvRHjXjTWFy8o+zPFLSOyAyGFI94oJi+kK/LIZFJXeykvgXUk1NLDAEFDZw/NVINhdk9FQ=="],

    "@next/swc-linux-arm64-musl": ["@next/swc-linux-arm64-musl@15.3.1", "", { "os": "linux", "cpu": "arm64" }, "sha512-IIxXEXRti/AulO9lWRHiCpUUR8AR/ZYLPALgiIg/9ENzMzLn3l0NSxVdva7R/VDcuSEBo0eGVCe3evSIHNz0Hg=="],

    "@next/swc-linux-x64-gnu": ["@next/swc-linux-x64-gnu@15.3.1", "", { "os": "linux", "cpu": "x64" }, "sha512-bfI4AMhySJbyXQIKH5rmLJ5/BP7bPwuxauTvVEiJ/ADoddaA9fgyNNCcsbu9SlqfHDoZmfI6g2EjzLwbsVTr5A=="],

    "@next/swc-linux-x64-musl": ["@next/swc-linux-x64-musl@15.3.1", "", { "os": "linux", "cpu": "x64" }, "sha512-FeAbR7FYMWR+Z+M5iSGytVryKHiAsc0x3Nc3J+FD5NVbD5Mqz7fTSy8CYliXinn7T26nDMbpExRUI/4ekTvoiA=="],

    "@next/swc-win32-arm64-msvc": ["@next/swc-win32-arm64-msvc@15.3.1", "", { "os": "win32", "cpu": "arm64" }, "sha512-yP7FueWjphQEPpJQ2oKmshk/ppOt+0/bB8JC8svPUZNy0Pi3KbPx2Llkzv1p8CoQa+D2wknINlJpHf3vtChVBw=="],

    "@next/swc-win32-x64-msvc": ["@next/swc-win32-x64-msvc@15.3.1", "", { "os": "win32", "cpu": "x64" }, "sha512-3PMvF2zRJAifcRNni9uMk/gulWfWS+qVI/pagd+4yLF5bcXPZPPH2xlYRYOsUjmCJOXSTAC2PjRzbhsRzR2fDQ=="],

    "@radix-ui/primitive": ["@radix-ui/primitive@1.1.2", "", {}, "sha512-XnbHrrprsNqZKQhStrSwgRUQzoCI1glLzdw79xiZPoofhGICeZRSQ3dIxAKH1gb3OHfNf4d6f+vAv3kil2eggA=="],

    "@radix-ui/react-compose-refs": ["@radix-ui/react-compose-refs@1.1.2", "", { "peerDependencies": { "@types/react": "*", "react": "^16.8 || ^17.0 || ^18.0 || ^19.0 || ^19.0.0-rc" }, "optionalPeers": ["@types/react"] }, "sha512-z4eqJvfiNnFMHIIvXP3CY57y2WJs5g2v3X0zm9mEJkrkNv4rDxu+sg9Jh8EkXyeqBkB7SOcboo9dMVqhyrACIg=="],

    "@radix-ui/react-context": ["@radix-ui/react-context@1.1.2", "", { "peerDependencies": { "@types/react": "*", "react": "^16.8 || ^17.0 || ^18.0 || ^19.0 || ^19.0.0-rc" }, "optionalPeers": ["@types/react"] }, "sha512-jCi/QKUM2r1Ju5a3J64TH2A5SpKAgh0LpknyqdQ4m6DCV0xJ2HG1xARRwNGPQfi1SLdLWZ1OJz6F4OMBBNiGJA=="],

    "@radix-ui/react-dialog": ["@radix-ui/react-dialog@1.1.11", "", { "dependencies": { "@radix-ui/primitive": "1.1.2", "@radix-ui/react-compose-refs": "1.1.2", "@radix-ui/react-context": "1.1.2", "@radix-ui/react-dismissable-layer": "1.1.7", "@radix-ui/react-focus-guards": "1.1.2", "@radix-ui/react-focus-scope": "1.1.4", "@radix-ui/react-id": "1.1.1", "@radix-ui/react-portal": "1.1.6", "@radix-ui/react-presence": "1.1.4", "@radix-ui/react-primitive": "2.1.0", "@radix-ui/react-slot": "1.2.0", "@radix-ui/react-use-controllable-state": "1.2.2", "aria-hidden": "^1.2.4", "react-remove-scroll": "^2.6.3" }, "peerDependencies": { "@types/react": "*", "@types/react-dom": "*", "react": "^16.8 || ^17.0 || ^18.0 || ^19.0 || ^19.0.0-rc", "react-dom": "^16.8 || ^17.0 || ^18.0 || ^19.0 || ^19.0.0-rc" }, "optionalPeers": ["@types/react", "@types/react-dom"] }, "sha512-yI7S1ipkP5/+99qhSI6nthfo/tR6bL6Zgxi/+1UO6qPa6UeM6nlafWcQ65vB4rU2XjgjMfMhI3k9Y5MztA62VQ=="],

    "@radix-ui/react-dismissable-layer": ["@radix-ui/react-dismissable-layer@1.1.7", "", { "dependencies": { "@radix-ui/primitive": "1.1.2", "@radix-ui/react-compose-refs": "1.1.2", "@radix-ui/react-primitive": "2.1.0", "@radix-ui/react-use-callback-ref": "1.1.1", "@radix-ui/react-use-escape-keydown": "1.1.1" }, "peerDependencies": { "@types/react": "*", "@types/react-dom": "*", "react": "^16.8 || ^17.0 || ^18.0 || ^19.0 || ^19.0.0-rc", "react-dom": "^16.8 || ^17.0 || ^18.0 || ^19.0 || ^19.0.0-rc" }, "optionalPeers": ["@types/react", "@types/react-dom"] }, "sha512-j5+WBUdhccJsmH5/H0K6RncjDtoALSEr6jbkaZu+bjw6hOPOhHycr6vEUujl+HBK8kjUfWcoCJXxP6e4lUlMZw=="],

    "@radix-ui/react-focus-guards": ["@radix-ui/react-focus-guards@1.1.2", "", { "peerDependencies": { "@types/react": "*", "react": "^16.8 || ^17.0 || ^18.0 || ^19.0 || ^19.0.0-rc" }, "optionalPeers": ["@types/react"] }, "sha512-fyjAACV62oPV925xFCrH8DR5xWhg9KYtJT4s3u54jxp+L/hbpTY2kIeEFFbFe+a/HCE94zGQMZLIpVTPVZDhaA=="],

    "@radix-ui/react-focus-scope": ["@radix-ui/react-focus-scope@1.1.4", "", { "dependencies": { "@radix-ui/react-compose-refs": "1.1.2", "@radix-ui/react-primitive": "2.1.0", "@radix-ui/react-use-callback-ref": "1.1.1" }, "peerDependencies": { "@types/react": "*", "@types/react-dom": "*", "react": "^16.8 || ^17.0 || ^18.0 || ^19.0 || ^19.0.0-rc", "react-dom": "^16.8 || ^17.0 || ^18.0 || ^19.0 || ^19.0.0-rc" }, "optionalPeers": ["@types/react", "@types/react-dom"] }, "sha512-r2annK27lIW5w9Ho5NyQgqs0MmgZSTIKXWpVCJaLC1q2kZrZkcqnmHkCHMEmv8XLvsLlurKMPT+kbKkRkm/xVA=="],

    "@radix-ui/react-id": ["@radix-ui/react-id@1.1.1", "", { "dependencies": { "@radix-ui/react-use-layout-effect": "1.1.1" }, "peerDependencies": { "@types/react": "*", "react": "^16.8 || ^17.0 || ^18.0 || ^19.0 || ^19.0.0-rc" }, "optionalPeers": ["@types/react"] }, "sha512-kGkGegYIdQsOb4XjsfM97rXsiHaBwco+hFI66oO4s9LU+PLAC5oJ7khdOVFxkhsmlbpUqDAvXw11CluXP+jkHg=="],

    "@radix-ui/react-portal": ["@radix-ui/react-portal@1.1.6", "", { "dependencies": { "@radix-ui/react-primitive": "2.1.0", "@radix-ui/react-use-layout-effect": "1.1.1" }, "peerDependencies": { "@types/react": "*", "@types/react-dom": "*", "react": "^16.8 || ^17.0 || ^18.0 || ^19.0 || ^19.0.0-rc", "react-dom": "^16.8 || ^17.0 || ^18.0 || ^19.0 || ^19.0.0-rc" }, "optionalPeers": ["@types/react", "@types/react-dom"] }, "sha512-XmsIl2z1n/TsYFLIdYam2rmFwf9OC/Sh2avkbmVMDuBZIe7hSpM0cYnWPAo7nHOVx8zTuwDZGByfcqLdnzp3Vw=="],

    "@radix-ui/react-presence": ["@radix-ui/react-presence@1.1.4", "", { "dependencies": { "@radix-ui/react-compose-refs": "1.1.2", "@radix-ui/react-use-layout-effect": "1.1.1" }, "peerDependencies": { "@types/react": "*", "@types/react-dom": "*", "react": "^16.8 || ^17.0 || ^18.0 || ^19.0 || ^19.0.0-rc", "react-dom": "^16.8 || ^17.0 || ^18.0 || ^19.0 || ^19.0.0-rc" }, "optionalPeers": ["@types/react", "@types/react-dom"] }, "sha512-ueDqRbdc4/bkaQT3GIpLQssRlFgWaL/U2z/S31qRwwLWoxHLgry3SIfCwhxeQNbirEUXFa+lq3RL3oBYXtcmIA=="],

    "@radix-ui/react-primitive": ["@radix-ui/react-primitive@2.1.0", "", { "dependencies": { "@radix-ui/react-slot": "1.2.0" }, "peerDependencies": { "@types/react": "*", "@types/react-dom": "*", "react": "^16.8 || ^17.0 || ^18.0 || ^19.0 || ^19.0.0-rc", "react-dom": "^16.8 || ^17.0 || ^18.0 || ^19.0 || ^19.0.0-rc" }, "optionalPeers": ["@types/react", "@types/react-dom"] }, "sha512-/J/FhLdK0zVcILOwt5g+dH4KnkonCtkVJsa2G6JmvbbtZfBEI1gMsO3QMjseL4F/SwfAMt1Vc/0XKYKq+xJ1sw=="],

    "@radix-ui/react-slot": ["@radix-ui/react-slot@1.2.0", "", { "dependencies": { "@radix-ui/react-compose-refs": "1.1.2" }, "peerDependencies": { "@types/react": "*", "react": "^16.8 || ^17.0 || ^18.0 || ^19.0 || ^19.0.0-rc" }, "optionalPeers": ["@types/react"] }, "sha512-ujc+V6r0HNDviYqIK3rW4ffgYiZ8g5DEHrGJVk4x7kTlLXRDILnKX9vAUYeIsLOoDpDJ0ujpqMkjH4w2ofuo6w=="],

    "@radix-ui/react-use-callback-ref": ["@radix-ui/react-use-callback-ref@1.1.1", "", { "peerDependencies": { "@types/react": "*", "react": "^16.8 || ^17.0 || ^18.0 || ^19.0 || ^19.0.0-rc" }, "optionalPeers": ["@types/react"] }, "sha512-FkBMwD+qbGQeMu1cOHnuGB6x4yzPjho8ap5WtbEJ26umhgqVXbhekKUQO+hZEL1vU92a3wHwdp0HAcqAUF5iDg=="],

    "@radix-ui/react-use-controllable-state": ["@radix-ui/react-use-controllable-state@1.2.2", "", { "dependencies": { "@radix-ui/react-use-effect-event": "0.0.2", "@radix-ui/react-use-layout-effect": "1.1.1" }, "peerDependencies": { "@types/react": "*", "react": "^16.8 || ^17.0 || ^18.0 || ^19.0 || ^19.0.0-rc" }, "optionalPeers": ["@types/react"] }, "sha512-BjasUjixPFdS+NKkypcyyN5Pmg83Olst0+c6vGov0diwTEo6mgdqVR6hxcEgFuh4QrAs7Rc+9KuGJ9TVCj0Zzg=="],

    "@radix-ui/react-use-effect-event": ["@radix-ui/react-use-effect-event@0.0.2", "", { "dependencies": { "@radix-ui/react-use-layout-effect": "1.1.1" }, "peerDependencies": { "@types/react": "*", "react": "^16.8 || ^17.0 || ^18.0 || ^19.0 || ^19.0.0-rc" }, "optionalPeers": ["@types/react"] }, "sha512-Qp8WbZOBe+blgpuUT+lw2xheLP8q0oatc9UpmiemEICxGvFLYmHm9QowVZGHtJlGbS6A6yJ3iViad/2cVjnOiA=="],

    "@radix-ui/react-use-escape-keydown": ["@radix-ui/react-use-escape-keydown@1.1.1", "", { "dependencies": { "@radix-ui/react-use-callback-ref": "1.1.1" }, "peerDependencies": { "@types/react": "*", "react": "^16.8 || ^17.0 || ^18.0 || ^19.0 || ^19.0.0-rc" }, "optionalPeers": ["@types/react"] }, "sha512-Il0+boE7w/XebUHyBjroE+DbByORGR9KKmITzbR7MyQ4akpORYP/ZmbhAr0DG7RmmBqoOnZdy2QlvajJ2QA59g=="],

    "@radix-ui/react-use-layout-effect": ["@radix-ui/react-use-layout-effect@1.1.1", "", { "peerDependencies": { "@types/react": "*", "react": "^16.8 || ^17.0 || ^18.0 || ^19.0 || ^19.0.0-rc" }, "optionalPeers": ["@types/react"] }, "sha512-RbJRS4UWQFkzHTTwVymMTUv8EqYhOp8dOOviLj2ugtTiXRaRQS7GLGxZTLL1jWhMeoSCf5zmcZkqTl9IiYfXcQ=="],

    "@swc/counter": ["@swc/counter@0.1.3", "", {}, "sha512-e2BR4lsJkkRlKZ/qCHPw9ZaSxc0MVUd7gtbtaB7aMvHeJVYe8sOB8DBZkP2DtISHGSku9sCK6T6cnY0CtXrOCQ=="],

    "@swc/helpers": ["@swc/helpers@0.5.15", "", { "dependencies": { "tslib": "^2.8.0" } }, "sha512-JQ5TuMi45Owi4/BIMAJBoSQoOJu12oOk/gADqlcUL9JEdHB8vyjUSsxqeNXnmXHjYKMi2WcYtezGEEhqUI/E2g=="],

    "@telegram-apps/bridge": ["@telegram-apps/bridge@2.8.2", "", { "dependencies": { "@telegram-apps/signals": "^1.1.1", "@telegram-apps/toolkit": "^2.1.2", "@telegram-apps/transformers": "^2.2.3", "@telegram-apps/types": "^2.0.0", "better-promises": "^0.4.1", "error-kid": "^0.0.7", "mitt": "^3.0.1", "valibot": "1.0.0" } }, "sha512-DpdvK1FUSklQFRaqV84rzhxUU/Pe6tVW497CtUfUZ87wenf/NY8Tvd5GONTJpAVb+H7wGcEcolielLOq1dSV5g=="],

    "@telegram-apps/navigation": ["@telegram-apps/navigation@1.0.13", "", { "dependencies": { "@telegram-apps/bridge": "^1.9.2", "@telegram-apps/signals": "^1.1.1", "@telegram-apps/toolkit": "^1.1.1" } }, "sha512-TsUueB5LQp77GQHoMa93nq26Uw7GJjrFCPbyseMVU7aBBxAc+8CV2IYytRwcVp5sv/q7ThK5X4JaKn2V1yBHDQ=="],

    "@telegram-apps/sdk": ["@telegram-apps/sdk@3.9.2", "", { "dependencies": { "@telegram-apps/bridge": "^2.8.2", "@telegram-apps/navigation": "^1.0.13", "@telegram-apps/signals": "^1.1.1", "@telegram-apps/toolkit": "^2.1.2", "@telegram-apps/transformers": "^2.2.3", "@telegram-apps/types": "^2.0.0", "better-promises": "^0.4.1", "error-kid": "^0.0.7", "valibot": "1.0.0" } }, "sha512-FbSWaTdFFTGNhXyDGG8QxlV97wS6oMK97Qlhy2GylMHj0Fph1ttjoYo3z3j7/eap1ShHNdxnwu1upHJc0/PJQQ=="],

    "@telegram-apps/sdk-react": ["@telegram-apps/sdk-react@3.2.4", "", { "dependencies": { "@telegram-apps/sdk": "^3.9.2" }, "peerDependencies": { "@types/react": "^17.0.0 || ^18.0.0 || ^19.0.0", "react": "^17.0.0 || ^18.0.0 || ^19.0.0" }, "optionalPeers": ["@types/react"] }, "sha512-hDV1Vp9AacVO5nyuMeRAatdEnbZskzKfSi+GEKruwhv1U3jCv11reSYkm4sSWNNRBKVP/fr/ywrvdjk4kmGp7g=="],

    "@telegram-apps/signals": ["@telegram-apps/signals@1.1.1", "", {}, "sha512-vz37r8lemGpPzDiBRfqpXYBynzmy3SFnY6zfHsTZABTYYt0b0WQZyU5mFDqqqugGhka78Gy11xmr9csgy4YgGA=="],

    "@telegram-apps/telegram-ui": ["@telegram-apps/telegram-ui@2.1.8", "", { "dependencies": { "@floating-ui/react-dom": "^2.0.8", "@swc/helpers": "^0.5.3", "@twa-dev/types": "^7.0.0", "@xelene/vaul-with-scroll-fix": "0.1.4" }, "peerDependencies": { "react": "^18.2.0", "react-dom": "^18.2.0" } }, "sha512-Y4mIRzBJDerFvF6yzsfwHpu2tKEMHnnnQgdnLTwIdXNVPq/sJTaY66Qxbh9eeO5+tct01VcAx4E70/1fMvnp8A=="],

    "@telegram-apps/toolkit": ["@telegram-apps/toolkit@2.1.2", "", {}, "sha512-iAPjn7RNVEm4o+LPJg1mYv7eDOnCatVEvep7JT74awTt3tn8pVpTYeUbDIFBuOF2BRSIzUgPUYQgVhQcDFTpUg=="],

    "@telegram-apps/transformers": ["@telegram-apps/transformers@2.2.3", "", { "dependencies": { "@telegram-apps/toolkit": "^2.1.2", "@telegram-apps/types": "^2.0.0", "valibot": "1.0.0-beta.14" } }, "sha512-CFQqs7iXw6yuUMBzU1/W/EGW6RlrO0ZViJGFa0ButyHVxOnmM+d5vJmlAiqBFtnUutK9Q2GfbHZoGLW8qSs5YQ=="],

    "@telegram-apps/types": ["@telegram-apps/types@2.0.0", "", {}, "sha512-yF499FJK82a2IDNDAQdrmVH3sgFZl/QFNdVZKgWpgtunIVJ1fres5wi9+4aUBRVIdQwZOZZqB/AOvYYuYXsq3Q=="],

    "@twa-dev/types": ["@twa-dev/types@7.10.0", "", {}, "sha512-BXHyNLXy+cPbOZ2qQq5ArPKcP4kUfuX3YBSFT0XUxtMNWAzvyMuYAiq59UTfQ8OnELXlfChrAoIT3c2pujBtcQ=="],

    "@types/node": ["@types/node@20.17.32", "", { "dependencies": { "undici-types": "~6.19.2" } }, "sha512-zeMXFn8zQ+UkjK4ws0RiOC9EWByyW1CcVmLe+2rQocXRsGEDxUCwPEIVgpsGcLHS/P8JkT0oa3839BRABS0oPw=="],

    "@types/react": ["@types/react@19.1.2", "", { "dependencies": { "csstype": "^3.0.2" } }, "sha512-oxLPMytKchWGbnQM9O7D67uPa9paTNxO7jVoNMXgkkErULBPhPARCfkKL9ytcIJJRGjbsVwW4ugJzyFFvm/Tiw=="],

    "@types/react-dom": ["@types/react-dom@19.1.2", "", { "peerDependencies": { "@types/react": "^19.0.0" } }, "sha512-XGJkWF41Qq305SKWEILa1O8vzhb3aOo3ogBlSmiqNko/WmRb6QIaweuZCXjKygVDXpzXb5wyxKTSOsmkuqj+Qw=="],

    "@xelene/vaul-with-scroll-fix": ["@xelene/vaul-with-scroll-fix@0.1.4", "", { "dependencies": { "@radix-ui/react-dialog": "^1.0.4" }, "peerDependencies": { "react": "^16.8 || ^17.0 || ^18.0", "react-dom": "^16.8 || ^17.0 || ^18.0" } }, "sha512-R9J7y92rzZKIQLtFHKtzRsb4x8G26cvwGIDSf7OQZCdROFt7xic4Yz1BlFYjm8oiQsYV4SFSQfOzatZjvxz5XQ=="],

    "aria-hidden": ["aria-hidden@1.2.4", "", { "dependencies": { "tslib": "^2.0.0" } }, "sha512-y+CcFFwelSXpLZk/7fMB2mUbGtX9lKycf1MWJ7CaTIERyitVlyQx6C+sxcROU2BAJ24OiZyK+8wj2i8AlBoS3A=="],

    "better-promises": ["better-promises@0.4.1", "", { "dependencies": { "error-kid": "^0.0.7" } }, "sha512-cDW7eMvhvCoWzSih5o/OxsAgTUfP05yGMq77xNZUTmcZoNU9vEeFZJ+yJJi4lnocvxFrVFKsG0Yxt7ZnuYJEig=="],

    "busboy": ["busboy@1.6.0", "", { "dependencies": { "streamsearch": "^1.1.0" } }, "sha512-8SFQbg/0hQ9xy3UNTB0YEnsNBbWfhf7RtnzpL7TkBiTBRfrQ9Fxcnz7VJsleJpyp6rVLvXiuORqjlHi5q+PYuA=="],

    "caniuse-lite": ["caniuse-lite@1.0.30001716", "", {}, "sha512-49/c1+x3Kwz7ZIWt+4DvK3aMJy9oYXXG6/97JKsnjdCk/6n9vVyWL8NAwVt95Lwt9eigI10Hl782kDfZUUlRXw=="],

    "client-only": ["client-only@0.0.1", "", {}, "sha512-IV3Ou0jSMzZrd3pZ48nLkT9DA7Ag1pnPzaiQhpW7c3RbcqqzvzzVu+L8gfqMp/8IM2MQtSiqaCxrrcfu8I8rMA=="],

    "color": ["color@4.2.3", "", { "dependencies": { "color-convert": "^2.0.1", "color-string": "^1.9.0" } }, "sha512-1rXeuUUiGGrykh+CeBdu5Ie7OJwinCgQY0bc7GCRxy5xVHy+moaqkpL/jqQq0MtQOeYcrqEz4abc5f0KtU7W4A=="],

    "color-convert": ["color-convert@2.0.1", "", { "dependencies": { "color-name": "~1.1.4" } }, "sha512-RRECPsj7iu/xb5oKYcsFHSppFNnsj/52OVTRKb4zP5onXwVF3zVmmToNcOfGC+CRDpfK/U584fMg38ZHCaElKQ=="],

    "color-name": ["color-name@1.1.4", "", {}, "sha512-dOy+3AuW3a2wNbZHIuMZpTcgjGuLU/uBL/ubcZF9OXbDo8ff4O8yVp5Bf0efS8uEoYo5q4Fx7dY9OgQGXgAsQA=="],

    "color-string": ["color-string@1.9.1", "", { "dependencies": { "color-name": "^1.0.0", "simple-swizzle": "^0.2.2" } }, "sha512-shrVawQFojnZv6xM40anx4CkoDP+fZsw/ZerEMsW/pyzsRbElpsL/DBVW7q3ExxwusdNXI3lXpuhEZkzs8p5Eg=="],

    "csstype": ["csstype@3.1.3", "", {}, "sha512-M1uQkMl8rQK/szD0LNhtqxIPLpimGm8sOBwU7lLnCpSbTyY3yeU1Vc7l4KT5zT4s/yOxHH5O7tIuuLOCnLADRw=="],

    "detect-libc": ["detect-libc@2.0.4", "", {}, "sha512-3UDv+G9CsCKO1WKMGw9fwq/SWJYbI0c5Y7LU1AXYoDdbhE2AHQ6N6Nb34sG8Fj7T5APy8qXDCKuuIHd1BR0tVA=="],

    "detect-node-es": ["detect-node-es@1.1.0", "", {}, "sha512-ypdmJU/TbBby2Dxibuv7ZLW3Bs1QEmM7nHjEANfohJLvE0XVujisn1qPJcZxg+qDucsr+bP6fLD1rPS3AhJ7EQ=="],

    "error-kid": ["error-kid@0.0.7", "", {}, "sha512-8mFs7ZaDWlBFgjOy4lHLMCe2+KZfZXGx5GOgh2VQ/M1CCIvSWzbl2OMl+5fdZgrgoUfhTeF+NPhmqfEvUhN8yw=="],

    "eruda": ["eruda@3.4.1", "", {}, "sha512-RmaO5yD97URY/9Q0lye3cmmNPoXNKreeePIw7c/zllbscR92CjGFZFuQ70+0fLIvLcKW3Xha8DS8NFhmeNbEBQ=="],

    "get-nonce": ["get-nonce@1.0.1", "", {}, "sha512-FJhYRoDaiatfEkUK8HKlicmu/3SGFD51q3itKDGoSTysQJBnfOcxU5GxnhE1E6soB76MbT0MBtnKJuXyAx+96Q=="],

    "is-arrayish": ["is-arrayish@0.3.2", "", {}, "sha512-eVRqCvVlZbuw3GrM63ovNSNAeA1K16kaR/LRY/92w0zxQ5/1YzwblUX652i4Xs9RwAGjW9d9y6X88t8OaAJfWQ=="],

    "mitt": ["mitt@3.0.1", "", {}, "sha512-vKivATfr97l2/QBCYAkXYDbrIWPM2IIKEl7YPhjCvKlG3kE2gm+uBo6nEXK3M5/Ffh/FLpKExzOQ3JJoJGFKBw=="],

    "nanoid": ["nanoid@3.3.11", "", { "bin": { "nanoid": "bin/nanoid.cjs" } }, "sha512-N8SpfPUnUp1bK+PMYW8qSWdl9U+wwNWI4QKxOYDy9JAro3WMX7p2OeVRF9v+347pnakNevPmiHhNmZ2HbFA76w=="],

    "next": ["next@15.3.1", "", { "dependencies": { "@next/env": "15.3.1", "@swc/counter": "0.1.3", "@swc/helpers": "0.5.15", "busboy": "1.6.0", "caniuse-lite": "^1.0.30001579", "postcss": "8.4.31", "styled-jsx": "5.1.6" }, "optionalDependencies": { "@next/swc-darwin-arm64": "15.3.1", "@next/swc-darwin-x64": "15.3.1", "@next/swc-linux-arm64-gnu": "15.3.1", "@next/swc-linux-arm64-musl": "15.3.1", "@next/swc-linux-x64-gnu": "15.3.1", "@next/swc-linux-x64-musl": "15.3.1", "@next/swc-win32-arm64-msvc": "15.3.1", "@next/swc-win32-x64-msvc": "15.3.1", "sharp": "^0.34.1" }, "peerDependencies": { "@opentelemetry/api": "^1.1.0", "@playwright/test": "^1.41.2", "babel-plugin-react-compiler": "*", "react": "^18.2.0 || 19.0.0-rc-de68d2f4-20241204 || ^19.0.0", "react-dom": "^18.2.0 || 19.0.0-rc-de68d2f4-20241204 || ^19.0.0", "sass": "^1.3.0" }, "optionalPeers": ["@opentelemetry/api", "@playwright/test", "babel-plugin-react-compiler", "sass"], "bin": { "next": "dist/bin/next" } }, "sha512-8+dDV0xNLOgHlyBxP1GwHGVaNXsmp+2NhZEYrXr24GWLHtt27YrBPbPuHvzlhi7kZNYjeJNR93IF5zfFu5UL0g=="],

    "picocolors": ["picocolors@1.1.1", "", {}, "sha512-xceH2snhtb5M9liqDsmEw56le376mTZkEX/jEb/RxNFyegNul7eNslCXP9FDj/Lcu0X8KEyMceP2ntpaHrDEVA=="],

    "postcss": ["postcss@8.4.31", "", { "dependencies": { "nanoid": "^3.3.6", "picocolors": "^1.0.0", "source-map-js": "^1.0.2" } }, "sha512-PS08Iboia9mts/2ygV3eLpY5ghnUcfLV/EXTOW1E2qYxJKGGBUtNjN76FYHnMs36RmARn41bC0AZmn+rR0OVpQ=="],

    "prettier": ["prettier@3.5.3", "", { "bin": { "prettier": "bin/prettier.cjs" } }, "sha512-QQtaxnoDJeAkDvDKWCLiwIXkTgRhwYDEQCghU9Z6q03iyek/rxRh/2lC3HB7P8sWT2xC/y5JDctPLBIGzHKbhw=="],

    "react": ["react@19.1.0", "", {}, "sha512-FS+XFBNvn3GTAWq26joslQgWNoFu08F4kl0J4CgdNKADkdSGXQyTCnKteIAJy96Br6YbpEU1LSzV5dYtjMkMDg=="],

    "react-dom": ["react-dom@19.1.0", "", { "dependencies": { "scheduler": "^0.26.0" }, "peerDependencies": { "react": "^19.1.0" } }, "sha512-Xs1hdnE+DyKgeHJeJznQmYMIBG3TKIHJJT95Q58nHLSrElKlGQqDTR2HQ9fx5CN/Gk6Vh/kupBTDLU11/nDk/g=="],

    "react-remove-scroll": ["react-remove-scroll@2.6.3", "", { "dependencies": { "react-remove-scroll-bar": "^2.3.7", "react-style-singleton": "^2.2.3", "tslib": "^2.1.0", "use-callback-ref": "^1.3.3", "use-sidecar": "^1.1.3" }, "peerDependencies": { "@types/react": "*", "react": "^16.8.0 || ^17.0.0 || ^18.0.0 || ^19.0.0 || ^19.0.0-rc" }, "optionalPeers": ["@types/react"] }, "sha512-pnAi91oOk8g8ABQKGF5/M9qxmmOPxaAnopyTHYfqYEwJhyFrbbBtHuSgtKEoH0jpcxx5o3hXqH1mNd9/Oi+8iQ=="],

    "react-remove-scroll-bar": ["react-remove-scroll-bar@2.3.8", "", { "dependencies": { "react-style-singleton": "^2.2.2", "tslib": "^2.0.0" }, "peerDependencies": { "@types/react": "*", "react": "^16.8.0 || ^17.0.0 || ^18.0.0 || ^19.0.0" }, "optionalPeers": ["@types/react"] }, "sha512-9r+yi9+mgU33AKcj6IbT9oRCO78WriSj6t/cF8DWBZJ9aOGPOTEDvdUDz1FwKim7QXWwmHqtdHnRJfhAxEG46Q=="],

    "react-style-singleton": ["react-style-singleton@2.2.3", "", { "dependencies": { "get-nonce": "^1.0.0", "tslib": "^2.0.0" }, "peerDependencies": { "@types/react": "*", "react": "^16.8.0 || ^17.0.0 || ^18.0.0 || ^19.0.0 || ^19.0.0-rc" }, "optionalPeers": ["@types/react"] }, "sha512-b6jSvxvVnyptAiLjbkWLE/lOnR4lfTtDAl+eUC7RZy+QQWc6wRzIV2CE6xBuMmDxc2qIihtDCZD5NPOFl7fRBQ=="],

    "scheduler": ["scheduler@0.26.0", "", {}, "sha512-NlHwttCI/l5gCPR3D1nNXtWABUmBwvZpEQiD4IXSbIDq8BzLIK/7Ir5gTFSGZDUu37K5cMNp0hFtzO38sC7gWA=="],

    "semver": ["semver@7.7.1", "", { "bin": { "semver": "bin/semver.js" } }, "sha512-hlq8tAfn0m/61p4BVRcPzIGr6LKiMwo4VM6dGi6pt4qcRkmNzTcWq6eCEjEh+qXjkMDvPlOFFSGwQjoEa6gyMA=="],

    "sharp": ["sharp@0.34.1", "", { "dependencies": { "color": "^4.2.3", "detect-libc": "^2.0.3", "semver": "^7.7.1" }, "optionalDependencies": { "@img/sharp-darwin-arm64": "0.34.1", "@img/sharp-darwin-x64": "0.34.1", "@img/sharp-libvips-darwin-arm64": "1.1.0", "@img/sharp-libvips-darwin-x64": "1.1.0", "@img/sharp-libvips-linux-arm": "1.1.0", "@img/sharp-libvips-linux-arm64": "1.1.0", "@img/sharp-libvips-linux-ppc64": "1.1.0", "@img/sharp-libvips-linux-s390x": "1.1.0", "@img/sharp-libvips-linux-x64": "1.1.0", "@img/sharp-libvips-linuxmusl-arm64": "1.1.0", "@img/sharp-libvips-linuxmusl-x64": "1.1.0", "@img/sharp-linux-arm": "0.34.1", "@img/sharp-linux-arm64": "0.34.1", "@img/sharp-linux-s390x": "0.34.1", "@img/sharp-linux-x64": "0.34.1", "@img/sharp-linuxmusl-arm64": "0.34.1", "@img/sharp-linuxmusl-x64": "0.34.1", "@img/sharp-wasm32": "0.34.1", "@img/sharp-win32-ia32": "0.34.1", "@img/sharp-win32-x64": "0.34.1" } }, "sha512-1j0w61+eVxu7DawFJtnfYcvSv6qPFvfTaqzTQ2BLknVhHTwGS8sc63ZBF4rzkWMBVKybo4S5OBtDdZahh2A1xg=="],

    "simple-swizzle": ["simple-swizzle@0.2.2", "", { "dependencies": { "is-arrayish": "^0.3.1" } }, "sha512-JA//kQgZtbuY83m+xT+tXJkmJncGMTFT+C+g2h2R9uxkYIrE2yy9sgmcLhCnw57/WSD+Eh3J97FPEDFnbXnDUg=="],

    "source-map-js": ["source-map-js@1.2.1", "", {}, "sha512-UXWMKhLOwVKb728IUtQPXxfYU+usdybtUrK/8uGE8CQMvrhOpwvzDBwj0QhSL7MQc7vIsISBG8VQ8+IDQxpfQA=="],

    "streamsearch": ["streamsearch@1.1.0", "", {}, "sha512-Mcc5wHehp9aXz1ax6bZUyY5afg9u2rv5cqQI3mRrYkGC8rW2hM02jWuwjtL++LS5qinSyhj2QfLyNsuc+VsExg=="],

    "styled-jsx": ["styled-jsx@5.1.6", "", { "dependencies": { "client-only": "0.0.1" }, "peerDependencies": { "react": ">= 16.8.0 || 17.x.x || ^18.0.0-0 || ^19.0.0-0" } }, "sha512-qSVyDTeMotdvQYoHWLNGwRFJHC+i+ZvdBRYosOFgC+Wg1vx4frN2/RG/NA7SYqqvKNLf39P2LSRA2pu6n0XYZA=="],

    "tslib": ["tslib@2.8.1", "", {}, "sha512-oJFu94HQb+KVduSUQL7wnpmqnfmLsOA/nAh6b6EH0wCEoK0/mPeXU6c3wKDV83MkOuHPRHtSXKKU99IBazS/2w=="],

    "typescript": ["typescript@5.8.3", "", { "bin": { "tsc": "bin/tsc", "tsserver": "bin/tsserver" } }, "sha512-p1diW6TqL9L07nNxvRMM7hMMw4c5XOo/1ibL4aAIGmSAt9slTE1Xgw5KWuof2uTOvCg9BY7ZRi+GaF+7sfgPeQ=="],

    "undici-types": ["undici-types@6.19.8", "", {}, "sha512-ve2KP6f/JnbPBFyobGHuerC9g1FYGn/F8n1LWTwNxCEzd6IfqTwUQcNXgEtmmQ6DlRrC1hrSrBnCZPokRrDHjw=="],

    "use-callback-ref": ["use-callback-ref@1.3.3", "", { "dependencies": { "tslib": "^2.0.0" }, "peerDependencies": { "@types/react": "*", "react": "^16.8.0 || ^17.0.0 || ^18.0.0 || ^19.0.0 || ^19.0.0-rc" }, "optionalPeers": ["@types/react"] }, "sha512-jQL3lRnocaFtu3V00JToYz/4QkNWswxijDaCVNZRiRTO3HQDLsdu1ZtmIUvV4yPp+rvWm5j0y0TG/S61cuijTg=="],

    "use-sidecar": ["use-sidecar@1.1.3", "", { "dependencies": { "detect-node-es": "^1.1.0", "tslib": "^2.0.0" }, "peerDependencies": { "@types/react": "*", "react": "^16.8.0 || ^17.0.0 || ^18.0.0 || ^19.0.0 || ^19.0.0-rc" }, "optionalPeers": ["@types/react"] }, "sha512-Fedw0aZvkhynoPYlA5WXrMCAMm+nSWdZt6lzJQ7Ok8S6Q+VsHmHpRWndVRJ8Be0ZbkfPc5LRYH+5XrzXcEeLRQ=="],

    "valibot": ["valibot@1.0.0", "", { "peerDependencies": { "typescript": ">=5" }, "optionalPeers": ["typescript"] }, "sha512-1Hc0ihzWxBar6NGeZv7fPLY0QuxFMyxwYR2sF1Blu7Wq7EnremwY2W02tit2ij2VJT8HcSkHAQqmFfl77f73Yw=="],

    "@telegram-apps/navigation/@telegram-apps/bridge": ["@telegram-apps/bridge@1.9.2", "", { "dependencies": { "@telegram-apps/signals": "^1.1.1", "@telegram-apps/toolkit": "^1.1.1", "@telegram-apps/transformers": "^1.2.2", "@telegram-apps/types": "^1.2.1" } }, "sha512-SJLcNWLXhbbZr9MiqFH/g2ceuitSJKMxUIZysK4zUNyTUNuonrQG80Q/yrO+XiNbKUj8WdDNM86NBARhuyyinQ=="],

    "@telegram-apps/navigation/@telegram-apps/toolkit": ["@telegram-apps/toolkit@1.1.1", "", {}, "sha512-+vhKx6ngfvjyTE6Xagl3z1TPVbfx5s7xAkcYzCdHYUo6T60jLIqLgyZMcI1UPoIAMuMu1pHoO+p8QNCj/+tFmw=="],

    "@telegram-apps/transformers/valibot": ["valibot@1.0.0-beta.14", "", { "peerDependencies": { "typescript": ">=5" }, "optionalPeers": ["typescript"] }, "sha512-tLyV2rE5QL6U29MFy3xt4AqMrn+/HErcp2ZThASnQvPMwfSozjV1uBGKIGiegtZIGjinJqn0SlBdannf18wENA=="],

    "@telegram-apps/navigation/@telegram-apps/bridge/@telegram-apps/transformers": ["@telegram-apps/transformers@1.2.2", "", { "dependencies": { "@telegram-apps/toolkit": "^1.1.1", "@telegram-apps/types": "^1.2.1" } }, "sha512-vvMwXckd1D7Ozc0h66PSUwF5QLrRV9HlGJFFeBuUex8QEk5mSPtsJkLiqB8aBbwuFDa91+TUSM/CxqPZO/e9YQ=="],

    "@telegram-apps/navigation/@telegram-apps/bridge/@telegram-apps/types": ["@telegram-apps/types@1.2.1", "", {}, "sha512-so4HLh7clur0YyMthi9KVIgWoGpZdXlFOuQjk3+Q5NAvJZ11nAheBSwPlGw/Ko92+zwvrSBE/lQyN2+p17RP+w=="],
  }
}
